// !$*UTF8*$!
{
	archiveVersion = 1;
	classes = {
	};
	objectVersion = 46;
	objects = {

/* Begin PBXBuildFile section */
		844442DC1CB01D4A00E10B29 /* RNPedometer.h in Copy Files */ = {isa = PBXBuildFile; fileRef = 844442DB1CB01D4A00E10B29 /* RNPedometer.h */; };
		844442DE1CB01D4A00E10B29 /* RNPedometer.m in Sources */ = {isa = PBXBuildFile; fileRef = 844442DD1CB01D4A00E10B29 /* RNPedometer.m */; };
/* End PBXBuildFile section */

/* Begin PBXCopyFilesBuildPhase section */
		844442D61CB01D4A00E10B29 /* Copy Files */ = {
			isa = PBXCopyFilesBuildPhase;
			buildActionMask = 2147483647;
			dstPath = "include/$(PRODUCT_NAME)";
			dstSubfolderSpec = 16;
			files = (
				844442DC1CB01D4A00E10B29 /* RNPedometer.h in Copy Files */,
			);
			name = "Copy Files";
			runOnlyForDeploymentPostprocessing = 0;
		};
/* End PBXCopyFilesBuildPhase section */

/* Begin PBXFileReference section */
		844442D81CB01D4A00E10B29 /* libRNPedometer.a */ = {isa = PBXFileReference; explicitFileType = archive.ar; includeInIndex = 0; path = libRNPedometer.a; sourceTree = BUILT_PRODUCTS_DIR; };
		844442DB1CB01D4A00E10B29 /* RNPedometer.h */ = {isa = PBXFileReference; lastKnownFileType = sourcecode.c.h; path = RNPedometer.h; sourceTree = "<group>"; };
		844442DD1CB01D4A00E10B29 /* RNPedometer.m */ = {isa = PBXFileReference; lastKnownFileType = sourcecode.c.objc; path = RNPedometer.m; sourceTree = "<group>"; };
/* End PBXFileReference section */

/* Begin PBXFrameworksBuildPhase section */
		844442D51CB01D4A00E10B29 /* Frameworks */ = {
			isa = PBXFrameworksBuildPhase;
			buildActionMask = 2147483647;
			files = (
			);
			runOnlyForDeploymentPostprocessing = 0;
		};
/* End PBXFrameworksBuildPhase section */

/* Begin PBXGroup section */
		843404A11ECD04EA00E4411B /* Libraries */ = {
			isa = PBXGroup;
			children = (
			);
			name = Libraries;
			sourceTree = "<group>";
		};
		844442CF1CB01D4A00E10B29 = {
			isa = PBXGroup;
			children = (
				843404A11ECD04EA00E4411B /* Libraries */,
				844442DA1CB01D4A00E10B29 /* RNPedometer */,
				844442D91CB01D4A00E10B29 /* Products */,
			);
			sourceTree = "<group>";
		};
		844442D91CB01D4A00E10B29 /* Products */ = {
			isa = PBXGroup;
			children = (
				844442D81CB01D4A00E10B29 /* libRNPedometer.a */,
			);
			name = Products;
			sourceTree = "<group>";
		};
		844442DA1CB01D4A00E10B29 /* RNPedometer */ = {
			isa = PBXGroup;
			children = (
				844442DB1CB01D4A00E10B29 /* RNPedometer.h */,
				844442DD1CB01D4A00E10B29 /* RNPedometer.m */,
			);
			path = RNPedometer;
			sourceTree = "<group>";
		};
/* End PBXGroup section */

/* Begin PBXNativeTarget section */
		844442D71CB01D4A00E10B29 /* RNPedometer */ = {
			isa = PBXNativeTarget;
			buildConfigurationList = 844442E11CB01D4A00E10B29 /* Build configuration list for PBXNativeTarget "RNPedometer" */;
			buildPhases = (
				844442D41CB01D4A00E10B29 /* Sources */,
				844442D51CB01D4A00E10B29 /* Frameworks */,
				844442D61CB01D4A00E10B29 /* Copy Files */,
			);
			buildRules = (
			);
			dependencies = (
			);
			name = RNPedometer;
			productName = RNPedometer;
			productReference = 844442D81CB01D4A00E10B29 /* libRNPedometer.a */;
			productType = "com.apple.product-type.library.static";
		};
/* End PBXNativeTarget section */

/* Begin PBXProject section */
		844442D01CB01D4A00E10B29 /* Project object */ = {
			isa = PBXProject;
			attributes = {
				LastUpgradeCheck = 0830;
				ORGANIZATIONNAME = galmis;
				TargetAttributes = {
					844442D71CB01D4A00E10B29 = {
						CreatedOnToolsVersion = 7.2;
						DevelopmentTeam = 3575K6D48K;
					};
				};
			};
			buildConfigurationList = 844442D31CB01D4A00E10B29 /* Build configuration list for PBXProject "RNPedometer" */;
			compatibilityVersion = "Xcode 3.2";
			developmentRegion = English;
			hasScannedForEncodings = 0;
			knownRegions = (
				en,
			);
			mainGroup = 844442CF1CB01D4A00E10B29;
			productRefGroup = 844442D91CB01D4A00E10B29 /* Products */;
			projectDirPath = "";
			projectRoot = "";
			targets = (
				844442D71CB01D4A00E10B29 /* RNPedometer */,
			);
		};
/* End PBXProject section */

/* Begin PBXSourcesBuildPhase section */
		844442D41CB01D4A00E10B29 /* Sources */ = {
			isa = PBXSourcesBuildPhase;
			buildActionMask = 2147483647;
			files = (
				844442DE1CB01D4A00E10B29 /* RNPedometer.m in Sources */,
			);
			runOnlyForDeploymentPostprocessing = 0;
		};
/* End PBXSourcesBuildPhase section */

/* Begin XCBuildConfiguration section */
		844442DF1CB01D4A00E10B29 /* Debug */ = {
			isa = XCBuildConfiguration;
			buildSettings = {
				ALWAYS_SEARCH_USER_PATHS = NO;
				CLANG_CXX_LANGUAGE_STANDARD = "gnu++0x";
				CLANG_CXX_LIBRARY = "libc++";
				CLANG_ENABLE_MODULES = YES;
				CLANG_ENABLE_OBJC_ARC = YES;
				CLANG_WARN_BOOL_CONVERSION = YES;
				CLANG_WARN_CONSTANT_CONVERSION = YES;
				CLANG_WARN_DIRECT_OBJC_ISA_USAGE = YES_ERROR;
				CLANG_WARN_EMPTY_BODY = YES;
				CLANG_WARN_ENUM_CONVERSION = YES;
				CLANG_WARN_INFINITE_RECURSION = YES;
				CLANG_WARN_INT_CONVERSION = YES;
				CLANG_WARN_OBJC_ROOT_CLASS = YES_ERROR;
				CLANG_WARN_SUSPICIOUS_MOVE = YES;
				CLANG_WARN_UNREACHABLE_CODE = YES;
				CLANG_WARN__DUPLICATE_METHOD_MATCH = YES;
				"CODE_SIGN_IDENTITY[sdk=iphoneos*]" = "iPhone Developer";
				COPY_PHASE_STRIP = NO;
				DEBUG_INFORMATION_FORMAT = dwarf;
				ENABLE_STRICT_OBJC_MSGSEND = YES;
				ENABLE_TESTABILITY = YES;
				GCC_C_LANGUAGE_STANDARD = gnu99;
				GCC_DYNAMIC_NO_PIC = NO;
				GCC_NO_COMMON_BLOCKS = YES;
				GCC_OPTIMIZATION_LEVEL = 0;
				GCC_PREPROCESSOR_DEFINITIONS = (
					"DEBUG=1",
					"$(inherited)",
				);
				GCC_WARN_64_TO_32_BIT_CONVERSION = YES;
				GCC_WARN_ABOUT_RETURN_TYPE = YES_ERROR;
				GCC_WARN_UNDECLARED_SELECTOR = YES;
				GCC_WARN_UNINITIALIZED_AUTOS = YES_AGGRESSIVE;
				GCC_WARN_UNUSED_FUNCTION = YES;
				GCC_WARN_UNUSED_VARIABLE = YES;
				IPHONEOS_DEPLOYMENT_TARGET = 8.0;
				MTL_ENABLE_DEBUG_INFO = YES;
				ONLY_ACTIVE_ARCH = YES;
				SDKROOT = iphoneos;
			};
			name = Debug;
		};
		844442E01CB01D4A00E10B29 /* Release */ = {
			isa = XCBuildConfiguration;
			buildSettings = {
				ALWAYS_SEARCH_USER_PATHS = NO;
				CLANG_CXX_LANGUAGE_STANDARD = "gnu++0x";
				CLANG_CXX_LIBRARY = "libc++";
				CLANG_ENABLE_MODULES = YES;
				CLANG_ENABLE_OBJC_ARC = YES;
				CLANG_WARN_BOOL_CONVERSION = YES;
				CLANG_WARN_CONSTANT_CONVERSION = YES;
				CLANG_WARN_DIRECT_OBJC_ISA_USAGE = YES_ERROR;
				CLANG_WARN_EMPTY_BODY = YES;
				CLANG_WARN_ENUM_CONVERSION = YES;
				CLANG_WARN_INFINITE_RECURSION = YES;
				CLANG_WARN_INT_CONVERSION = YES;
				CLANG_WARN_OBJC_ROOT_CLASS = YES_ERROR;
				CLANG_WARN_SUSPICIOUS_MOVE = YES;
				CLANG_WARN_UNREACHABLE_CODE = YES;
				CLANG_WARN__DUPLICATE_METHOD_MATCH = YES;
				"CODE_SIGN_IDENTITY[sdk=iphoneos*]" = "iPhone Developer";
				COPY_PHASE_STRIP = NO;
				DEBUG_INFORMATION_FORMAT = "dwarf-with-dsym";
				ENABLE_NS_ASSERTIONS = NO;
				ENABLE_STRICT_OBJC_MSGSEND = YES;
				GCC_C_LANGUAGE_STANDARD = gnu99;
				GCC_NO_COMMON_BLOCKS = YES;
				GCC_WARN_64_TO_32_BIT_CONVERSION = YES;
				GCC_WARN_ABOUT_RETURN_TYPE = YES_ERROR;
				GCC_WARN_UNDECLARED_SELECTOR = YES;
				GCC_WARN_UNINITIALIZED_AUTOS = YES_AGGRESSIVE;
				GCC_WARN_UNUSED_FUNCTION = YES;
				GCC_WARN_UNUSED_VARIABLE = YES;
				IPHONEOS_DEPLOYMENT_TARGET = 8.0;
				MTL_ENABLE_DEBUG_INFO = NO;
				SDKROOT = iphoneos;
				VALIDATE_PRODUCT = YES;
			};
			name = Release;
		};
		844442E21CB01D4A00E10B29 /* Debug */ = {
			isa = XCBuildConfiguration;
			buildSettings = {
				HEADER_SEARCH_PATHS = (
					"$(inherited)",
					/Applications/Xcode.app/Contents/Developer/Toolchains/XcodeDef,
					"$(SRCROOT)/../../React/**",
					"$(SRCROOT)/../react-native/React/**",
					"$(SRCROOT)/node_modules/react-native/React/**",
				);
				OTHER_LDFLAGS = "-ObjC";
				PRODUCT_NAME = "$(TARGET_NAME)";
				SKIP_INSTALL = YES;
			};
			name = Debug;
		};
		844442E31CB01D4A00E10B29 /* Release */ = {
			isa = XCBuildConfiguration;
			buildSettings = {
				HEADER_SEARCH_PATHS = (
					"$(inherited)",
					/Applications/Xcode.app/Contents/Developer/Toolchains/XcodeDef,
					"$(SRCROOT)/../../React/**",
					"$(SRCROOT)/../react-native/React/**",
					"$(SRCROOT)/node_modules/react-native/React/**",
				);
				OTHER_LDFLAGS = "-ObjC";
				PRODUCT_NAME = "$(TARGET_NAME)";
				SKIP_INSTALL = YES;
			};
			name = Release;
		};
/* End XCBuildConfiguration section */

/* Begin XCConfigurationList section */
		844442D31CB01D4A00E10B29 /* Build configuration list for PBXProject "RNPedometer" */ = {
			isa = XCConfigurationList;
			buildConfigurations = (
				844442DF1CB01D4A00E10B29 /* Debug */,
				844442E01CB01D4A00E10B29 /* Release */,
			);
			defaultConfigurationIsVisible = 0;
			defaultConfigurationName = Release;
		};
		844442E11CB01D4A00E10B29 /* Build configuration list for PBXNativeTarget "RNPedometer" */ = {
			isa = XCConfigurationList;
			buildConfigurations = (
				844442E21CB01D4A00E10B29 /* Debug */,
				844442E31CB01D4A00E10B29 /* Release */,
			);
			defaultConfigurationIsVisible = 0;
			defaultConfigurationName = Release;
		};
/* End XCConfigurationList section */
	};
	rootObject = 844442D01CB01D4A00E10B29 /* Project object */;
}
